
Microsoft Visual Studio Solution File, Format Version 12.00
# Visual Studio 15
VisualStudioVersion = 15.0.26730.15
MinimumVisualStudioVersion = 10.0.40219.1
Project("{FAE04EC0-301F-11D3-BF4B-00C04F79EFBC}") = "WebApplication1", "WebApplication1\WebApplication1.csproj", "{2282DA68-B4D9-4BEB-B819-34BBA6348937}"
EndProject
Global
	GlobalSection(SolutionConfigurationPlatforms) = preSolution
		Debug|Any CPU = Debug|Any CPU
		Release|Any CPU = Release|Any CPU
	EndGlobalSection
	GlobalSection(ProjectConfigurationPlatforms) = postSolution
		{2282DA68-B4D9-4BEB-B819-34BBA6348937}.Debug|Any CPU.ActiveCfg = Debug|Any CPU
		{2282DA68-B4D9-4BEB-B819-34BBA6348937}.Debug|Any CPU.Build.0 = Debug|Any CPU
		{2282DA68-B4D9-4BEB-B819-34BBA6348937}.Release|Any CPU.ActiveCfg = Release|Any CPU
		{2282DA68-B4D9-4BEB-B819-34BBA6348937}.Release|Any CPU.Build.0 = Release|Any CPU
	EndGlobalSection
	GlobalSection(SolutionProperties) = preSolution
		HideSolutionNode = FALSE
	EndGlobalSection
	GlobalSection(ExtensibilityGlobals) = postSolution
		SolutionGuid = {4EB9080E-C8E4-4C5F-BA14-9FE97070E59E}
	EndGlobalSection
EndGlobal
