
Microsoft Visual Studio Solution File, Format Version 12.00
# Visual Studio 15
VisualStudioVersion = 15.0.27004.2006
MinimumVisualStudioVersion = 10.0.40219.1
Project("{FAE04EC0-301F-11D3-BF4B-00C04F79EFBC}") = "Crypto", "Crypto\Crypto.csproj", "{A8954352-DECE-402E-97A9-450BBE45FE10}"
EndProject
Global
	GlobalSection(SolutionConfigurationPlatforms) = preSolution
		Debug|Any CPU = Debug|Any CPU
		Release|Any CPU = Release|Any CPU
	EndGlobalSection
	GlobalSection(ProjectConfigurationPlatforms) = postSolution
		{A8954352-DECE-402E-97A9-450BBE45FE10}.Debug|Any CPU.ActiveCfg = Debug|Any CPU
		{A8954352-DECE-402E-97A9-450BBE45FE10}.Debug|Any CPU.Build.0 = Debug|Any CPU
		{A8954352-DECE-402E-97A9-450BBE45FE10}.Release|Any CPU.ActiveCfg = Release|Any CPU
		{A8954352-DECE-402E-97A9-450BBE45FE10}.Release|Any CPU.Build.0 = Release|Any CPU
	EndGlobalSection
	GlobalSection(SolutionProperties) = preSolution
		HideSolutionNode = FALSE
	EndGlobalSection
	GlobalSection(ExtensibilityGlobals) = postSolution
		SolutionGuid = {59DFA27A-A75E-4169-9ACE-3EAF676B5E15}
	EndGlobalSection
EndGlobal
